
Microsoft Visual Studio Solution File, Format Version 12.00
# Visual Studio Version 16
VisualStudioVersion = 16.0.31112.23
MinimumVisualStudioVersion = 10.0.40219.1
Project("{FAE04EC0-301F-11D3-BF4B-00C04F79EFBC}") = "Lesson3(2)", "Lesson3(2)\Lesson3(2).csproj", "{9D03C9AD-D1F5-47C3-8774-DC479CCB290D}"
EndProject
Global
	GlobalSection(SolutionConfigurationPlatforms) = preSolution
		Debug|Any CPU = Debug|Any CPU
		Release|Any CPU = Release|Any CPU
	EndGlobalSection
	GlobalSection(ProjectConfigurationPlatforms) = postSolution
		{9D03C9AD-D1F5-47C3-8774-DC479CCB290D}.Debug|Any CPU.ActiveCfg = Debug|Any CPU
		{9D03C9AD-D1F5-47C3-8774-DC479CCB290D}.Debug|Any CPU.Build.0 = Debug|Any CPU
		{9D03C9AD-D1F5-47C3-8774-DC479CCB290D}.Release|Any CPU.ActiveCfg = Release|Any CPU
		{9D03C9AD-D1F5-47C3-8774-DC479CCB290D}.Release|Any CPU.Build.0 = Release|Any CPU
	EndGlobalSection
	GlobalSection(SolutionProperties) = preSolution
		HideSolutionNode = FALSE
	EndGlobalSection
	GlobalSection(ExtensibilityGlobals) = postSolution
		SolutionGuid = {F0D3E8FC-F3B4-47E7-8D4A-DCF335FF8333}
	EndGlobalSection
EndGlobal
