
Microsoft Visual Studio Solution File, Format Version 12.00
# Visual Studio Version 16
VisualStudioVersion = 16.0.30621.155
MinimumVisualStudioVersion = 10.0.40219.1
Project("{FAE04EC0-301F-11D3-BF4B-00C04F79EFBC}") = "QFM", "QFM.csproj", "{7C1494C7-D5A1-4349-BAFA-205B08E8E116}"
EndProject
Global
	GlobalSection(SolutionConfigurationPlatforms) = preSolution
		Debug|Any CPU = Debug|Any CPU
		Release|Any CPU = Release|Any CPU
	EndGlobalSection
	GlobalSection(ProjectConfigurationPlatforms) = postSolution
		{7C1494C7-D5A1-4349-BAFA-205B08E8E116}.Debug|Any CPU.ActiveCfg = Debug|Any CPU
		{7C1494C7-D5A1-4349-BAFA-205B08E8E116}.Debug|Any CPU.Build.0 = Debug|Any CPU
		{7C1494C7-D5A1-4349-BAFA-205B08E8E116}.Release|Any CPU.ActiveCfg = Release|Any CPU
		{7C1494C7-D5A1-4349-BAFA-205B08E8E116}.Release|Any CPU.Build.0 = Release|Any CPU
	EndGlobalSection
	GlobalSection(SolutionProperties) = preSolution
		HideSolutionNode = FALSE
	EndGlobalSection
	GlobalSection(ExtensibilityGlobals) = postSolution
		SolutionGuid = {69464BB4-7AC4-4A04-8994-2C94D4487949}
	EndGlobalSection
EndGlobal
