
Microsoft Visual Studio Solution File, Format Version 12.00
# Visual Studio Version 16
VisualStudioVersion = 16.0.31112.23
MinimumVisualStudioVersion = 10.0.40219.1
Project("{FAE04EC0-301F-11D3-BF4B-00C04F79EFBC}") = "Lesson2", "Lesson2\Lesson2.csproj", "{2BC52CD3-38E6-4436-A3F3-58EBCE4CE96E}"
EndProject
Global
	GlobalSection(SolutionConfigurationPlatforms) = preSolution
		Debug|Any CPU = Debug|Any CPU
		Release|Any CPU = Release|Any CPU
	EndGlobalSection
	GlobalSection(ProjectConfigurationPlatforms) = postSolution
		{2BC52CD3-38E6-4436-A3F3-58EBCE4CE96E}.Debug|Any CPU.ActiveCfg = Debug|Any CPU
		{2BC52CD3-38E6-4436-A3F3-58EBCE4CE96E}.Debug|Any CPU.Build.0 = Debug|Any CPU
		{2BC52CD3-38E6-4436-A3F3-58EBCE4CE96E}.Release|Any CPU.ActiveCfg = Release|Any CPU
		{2BC52CD3-38E6-4436-A3F3-58EBCE4CE96E}.Release|Any CPU.Build.0 = Release|Any CPU
	EndGlobalSection
	GlobalSection(SolutionProperties) = preSolution
		HideSolutionNode = FALSE
	EndGlobalSection
	GlobalSection(ExtensibilityGlobals) = postSolution
		SolutionGuid = {C191DB73-8DDE-45AF-AC7E-83F9AB44216D}
	EndGlobalSection
EndGlobal
