
Microsoft Visual Studio Solution File, Format Version 12.00
# Visual Studio Version 16
VisualStudioVersion = 16.0.31112.23
MinimumVisualStudioVersion = 10.0.40219.1
Project("{FAE04EC0-301F-11D3-BF4B-00C04F79EFBC}") = "Lesson5", "Lesson5\Lesson5.csproj", "{04E976E6-3BA7-4F8C-9C08-BE4F3E28EC27}"
EndProject
Global
	GlobalSection(SolutionConfigurationPlatforms) = preSolution
		Debug|Any CPU = Debug|Any CPU
		Release|Any CPU = Release|Any CPU
	EndGlobalSection
	GlobalSection(ProjectConfigurationPlatforms) = postSolution
		{04E976E6-3BA7-4F8C-9C08-BE4F3E28EC27}.Debug|Any CPU.ActiveCfg = Debug|Any CPU
		{04E976E6-3BA7-4F8C-9C08-BE4F3E28EC27}.Debug|Any CPU.Build.0 = Debug|Any CPU
		{04E976E6-3BA7-4F8C-9C08-BE4F3E28EC27}.Release|Any CPU.ActiveCfg = Release|Any CPU
		{04E976E6-3BA7-4F8C-9C08-BE4F3E28EC27}.Release|Any CPU.Build.0 = Release|Any CPU
	EndGlobalSection
	GlobalSection(SolutionProperties) = preSolution
		HideSolutionNode = FALSE
	EndGlobalSection
	GlobalSection(ExtensibilityGlobals) = postSolution
		SolutionGuid = {B1678D83-9EE7-4EF7-A003-7ED657BC27E1}
	EndGlobalSection
EndGlobal
