
Microsoft Visual Studio Solution File, Format Version 12.00
# Visual Studio Version 16
VisualStudioVersion = 16.0.31112.23
MinimumVisualStudioVersion = 10.0.40219.1
Project("{9A19103F-16F7-4668-BE54-9A1E7A4F7556}") = "Lesson4(3)", "Lesson4(3)\Lesson4(3).csproj", "{0E79F795-1243-4C04-889A-8E531B607DC8}"
EndProject
Global
	GlobalSection(SolutionConfigurationPlatforms) = preSolution
		Debug|Any CPU = Debug|Any CPU
		Release|Any CPU = Release|Any CPU
	EndGlobalSection
	GlobalSection(ProjectConfigurationPlatforms) = postSolution
		{0E79F795-1243-4C04-889A-8E531B607DC8}.Debug|Any CPU.ActiveCfg = Debug|Any CPU
		{0E79F795-1243-4C04-889A-8E531B607DC8}.Debug|Any CPU.Build.0 = Debug|Any CPU
		{0E79F795-1243-4C04-889A-8E531B607DC8}.Release|Any CPU.ActiveCfg = Release|Any CPU
		{0E79F795-1243-4C04-889A-8E531B607DC8}.Release|Any CPU.Build.0 = Release|Any CPU
	EndGlobalSection
	GlobalSection(SolutionProperties) = preSolution
		HideSolutionNode = FALSE
	EndGlobalSection
	GlobalSection(ExtensibilityGlobals) = postSolution
		SolutionGuid = {6BC3135E-95FE-437C-B63D-4BD0C5D4937A}
	EndGlobalSection
EndGlobal
